
Microsoft Visual Studio Solution File, Format Version 12.00
Project("{FAE04EC0-301F-11D3-BF4B-00C04F79EFBC}") = "MallenomTest.Server", "MallenomTest.Server\MallenomTest.Server.csproj", "{E207DF61-51FE-4580-AD1B-4FB932B5BCAA}"
EndProject
Project("{2150E333-8FDC-42A3-9474-1A3956D46DE8}") = "Solution Items", "Solution Items", "{7760882D-C2A9-4B56-84DA-B13A58B8B479}"
	ProjectSection(SolutionItems) = preProject
		compose.yaml = compose.yaml
	EndProjectSection
EndProject
Project("{FAE04EC0-301F-11D3-BF4B-00C04F79EFBC}") = "MallenomTest.Client", "MallenomTest.Client\MallenomTest.Client.csproj", "{E5095FF8-8762-427F-92E4-D53A867797C5}"
EndProject
Project("{FAE04EC0-301F-11D3-BF4B-00C04F79EFBC}") = "MallenomTest.Contracts", "MallenomTest.Contracts\MallenomTest.Contracts.csproj", "{273128F6-5FF5-4459-A313-05E418773A8E}"
EndProject
Global
	GlobalSection(SolutionConfigurationPlatforms) = preSolution
		Debug|Any CPU = Debug|Any CPU
		Release|Any CPU = Release|Any CPU
	EndGlobalSection
	GlobalSection(ProjectConfigurationPlatforms) = postSolution
		{E207DF61-51FE-4580-AD1B-4FB932B5BCAA}.Debug|Any CPU.ActiveCfg = Debug|Any CPU
		{E207DF61-51FE-4580-AD1B-4FB932B5BCAA}.Debug|Any CPU.Build.0 = Debug|Any CPU
		{E207DF61-51FE-4580-AD1B-4FB932B5BCAA}.Release|Any CPU.ActiveCfg = Release|Any CPU
		{E207DF61-51FE-4580-AD1B-4FB932B5BCAA}.Release|Any CPU.Build.0 = Release|Any CPU
		{E5095FF8-8762-427F-92E4-D53A867797C5}.Debug|Any CPU.ActiveCfg = Debug|Any CPU
		{E5095FF8-8762-427F-92E4-D53A867797C5}.Debug|Any CPU.Build.0 = Debug|Any CPU
		{E5095FF8-8762-427F-92E4-D53A867797C5}.Release|Any CPU.ActiveCfg = Release|Any CPU
		{E5095FF8-8762-427F-92E4-D53A867797C5}.Release|Any CPU.Build.0 = Release|Any CPU
		{273128F6-5FF5-4459-A313-05E418773A8E}.Debug|Any CPU.ActiveCfg = Debug|Any CPU
		{273128F6-5FF5-4459-A313-05E418773A8E}.Debug|Any CPU.Build.0 = Debug|Any CPU
		{273128F6-5FF5-4459-A313-05E418773A8E}.Release|Any CPU.ActiveCfg = Release|Any CPU
		{273128F6-5FF5-4459-A313-05E418773A8E}.Release|Any CPU.Build.0 = Release|Any CPU
	EndGlobalSection
EndGlobal
